
Microsoft Visual Studio Solution File, Format Version 12.00
# Visual Studio Version 16
VisualStudioVersion = 16.0.30621.155
MinimumVisualStudioVersion = 10.0.40219.1
Project("{FAE04EC0-301F-11D3-BF4B-00C04F79EFBC}") = "Binary tree", "Binary tree.csproj", "{F27C3234-0E2B-427E-96BF-C042D9755713}"
EndProject
Global
	GlobalSection(SolutionConfigurationPlatforms) = preSolution
		Debug|Any CPU = Debug|Any CPU
		Release|Any CPU = Release|Any CPU
	EndGlobalSection
	GlobalSection(ProjectConfigurationPlatforms) = postSolution
		{F27C3234-0E2B-427E-96BF-C042D9755713}.Debug|Any CPU.ActiveCfg = Debug|Any CPU
		{F27C3234-0E2B-427E-96BF-C042D9755713}.Debug|Any CPU.Build.0 = Debug|Any CPU
		{F27C3234-0E2B-427E-96BF-C042D9755713}.Release|Any CPU.ActiveCfg = Release|Any CPU
		{F27C3234-0E2B-427E-96BF-C042D9755713}.Release|Any CPU.Build.0 = Release|Any CPU
	EndGlobalSection
	GlobalSection(SolutionProperties) = preSolution
		HideSolutionNode = FALSE
	EndGlobalSection
	GlobalSection(ExtensibilityGlobals) = postSolution
		SolutionGuid = {4305595C-ACB8-45F1-8E88-EB2D8D2E5AE4}
	EndGlobalSection
EndGlobal
