
Microsoft Visual Studio Solution File, Format Version 12.00
# Visual Studio Version 16
VisualStudioVersion = 16.0.30621.155
MinimumVisualStudioVersion = 10.0.40219.1
Project("{FAE04EC0-301F-11D3-BF4B-00C04F79EFBC}") = "Queue_1", "Queue_1.csproj", "{FCD4F170-5E5A-470F-A682-7CD3F1CCB505}"
EndProject
Global
	GlobalSection(SolutionConfigurationPlatforms) = preSolution
		Debug|Any CPU = Debug|Any CPU
		Release|Any CPU = Release|Any CPU
	EndGlobalSection
	GlobalSection(ProjectConfigurationPlatforms) = postSolution
		{FCD4F170-5E5A-470F-A682-7CD3F1CCB505}.Debug|Any CPU.ActiveCfg = Debug|Any CPU
		{FCD4F170-5E5A-470F-A682-7CD3F1CCB505}.Debug|Any CPU.Build.0 = Debug|Any CPU
		{FCD4F170-5E5A-470F-A682-7CD3F1CCB505}.Release|Any CPU.ActiveCfg = Release|Any CPU
		{FCD4F170-5E5A-470F-A682-7CD3F1CCB505}.Release|Any CPU.Build.0 = Release|Any CPU
	EndGlobalSection
	GlobalSection(SolutionProperties) = preSolution
		HideSolutionNode = FALSE
	EndGlobalSection
	GlobalSection(ExtensibilityGlobals) = postSolution
		SolutionGuid = {74603A23-CF9F-4E59-81C8-8790E09F3D5F}
	EndGlobalSection
EndGlobal
